# This file is autogenerated, do not edit; changes may be undone by the next 'dep ensure'.


[[projects]]
  branch = "master"
  name = "github.com/Azure/go-ansiterm"
  packages = [".","winterm"]
  revision = "d6e3b3328b783f23731bc4d058875b0371ff8109"

[[projects]]
  name = "github.com/Microsoft/go-winio"
  packages = [".","pkg/guid"]
  revision = "6c72808b55902eae4c5943626030429ff20f3b63"
  version = "v0.4.14"

[[projects]]
  branch = "master"
  name = "github.com/Nvveen/Gotty"
  packages = ["."]
  revision = "cd527374f1e5bff4938207604a14f2e38a9cf512"

[[projects]]
  name = "github.com/cenkalti/backoff"
  packages = ["."]
  revision = "5267b6dd4d2666b980a911bf235efa276222cbe2"
  version = "v2.2.1"

[[projects]]
  branch = "master"
  name = "github.com/containerd/continuity"
  packages = ["pathdriver"]
  revision = "aaeac12a7ffcd198ae25440a9dff125c2e2703a7"

[[projects]]
  name = "github.com/davecgh/go-spew"
  packages = ["spew"]
  revision = "8991bc29aa16c548c550c7ff78260e27b9ab7c73"
  version = "v1.1.1"

[[projects]]
  name = "github.com/docker/go-connections"
  packages = ["nat"]
  revision = "3ede32e2033de7505e6500d6c868c2b9ed9f169d"
  version = "v0.3.0"

[[projects]]
  name = "github.com/docker/go-units"
  packages = ["."]
  revision = "47565b4f722fb6ceae66b95f853feed578a4a51c"
  version = "v0.3.3"

[[projects]]
  name = "github.com/gorilla/mux"
  packages = ["."]
  revision = "00bdffe0f3c77e27d2cf6f5c70232a2d3e4d9c15"
  version = "v1.7.3"

[[projects]]
  name = "github.com/h2non/parth"
  packages = ["."]
  revision = "b4df798d65426f8c8ab5ca5f9987aec5575d26c9"
  version = "v2.0.1"

[[projects]]
  name = "github.com/konsorten/go-windows-terminal-sequences"
  packages = ["."]
  revision = "f55edac94c9bbba5d6182a4be46d86a2c9b5b50e"
  version = "v1.0.2"

[[projects]]
  name = "github.com/lib/pq"
  packages = [".","oid","scram"]
  revision = "3427c32cb71afc948325f299f040e53c1dd78979"
  version = "v1.2.0"

[[projects]]
  branch = "master"
  name = "github.com/motemen/go-loghttp"
  packages = ["."]
  revision = "974ac5ceac271576caabe1c0bddf2b7eed471f67"

[[projects]]
  branch = "master"
  name = "github.com/motemen/go-nuts"
  packages = ["roundtime"]
  revision = "1d2432db96b04a3903638e4212c0b5fb016fc04c"

[[projects]]
  name = "github.com/opencontainers/go-digest"
  packages = ["."]
  revision = "279bed98673dd5bef374d3b6e4b09e2af76183bf"
  version = "v1.0.0-rc1"

[[projects]]
  name = "github.com/opencontainers/image-spec"
  packages = ["specs-go","specs-go/v1"]
  revision = "d60099175f88c47cd379c4738d158884749ed235"
  version = "v1.0.1"

[[projects]]
  name = "github.com/opencontainers/runc"
  packages = ["libcontainer/user"]
  revision = "425e105d5a03fabd737a126ad93d62a9eeede87f"
  version = "v1.0.0-rc8"

[[projects]]
  name = "github.com/ory/dockertest"
  packages = [".","docker","docker/opts","docker/pkg/archive","docker/pkg/fileutils","docker/pkg/homedir","docker/pkg/idtools","docker/pkg/ioutils","docker/pkg/jsonmessage","docker/pkg/longpath","docker/pkg/mount","docker/pkg/pools","docker/pkg/stdcopy","docker/pkg/system","docker/pkg/term","docker/pkg/term/windows","docker/types","docker/types/blkiodev","docker/types/container","docker/types/filters","docker/types/mount","docker/types/network","docker/types/registry","docker/types/strslice","docker/types/versions"]
  revision = "f76851ed013cf03f376b6580c834467187bb7148"
  version = "v3.3.4"

[[projects]]
  name = "github.com/pkg/errors"
  packages = ["."]
  revision = "ba968bfe8b2f7e042a574c888954fccecfa385b4"
  version = "v0.8.1"

[[projects]]
  name = "github.com/pmezard/go-difflib"
  packages = ["difflib"]
  revision = "792786c7400a136282c1664665ae0a8db921c6c2"
  version = "v1.0.0"

[[projects]]
  name = "github.com/robfig/cron"
  packages = ["."]
  revision = "45fbe1491cdd47d74d1bf1396286d67faee8b8b5"
  version = "v3.0.0"

[[projects]]
  branch = "master"
  name = "github.com/rubenv/sql-migrate"
  packages = [".","sqlparse"]
  revision = "87ce952f7079c58e10a2a85835202943ebb9580c"

[[projects]]
  name = "github.com/sirupsen/logrus"
  packages = ["."]
  revision = "839c75faf7f98a33d445d181f3018b5c3409a45e"
  version = "v1.4.2"

[[projects]]
  name = "github.com/stretchr/testify"
  packages = ["assert"]
  revision = "ffdc059bfe9ce6a4e144ba849dbedead332c6053"
  version = "v1.3.0"

[[projects]]
  name = "github.com/tkanos/gonfig"
  packages = ["."]
  revision = "e83209aed2d171bab5ffb312a1e630110481cb99"
  version = "1.0"

[[projects]]
  name = "go.uber.org/dig"
  packages = [".","internal/digreflect","internal/dot"]
  revision = "7ff117f761a3f1b3eb521945c17a1091438eb6de"
  version = "v1.7.0"

[[projects]]
  branch = "master"
  name = "golang.org/x/net"
  packages = ["context"]
  revision = "ca1201d0de80cfde86cb01aea620983605dfe99b"

[[projects]]
  branch = "master"
  name = "golang.org/x/sys"
  packages = ["unix","windows"]
  revision = "51ab0e2deafac1f46c46ad59cf0921be2f180c3d"

[[projects]]
  name = "gopkg.in/gorp.v1"
  packages = ["."]
  revision = "6a667da9c028871f98598d85413e3fc4c6daa52e"
  version = "v1.7.2"

[[projects]]
  name = "gopkg.in/h2non/gock.v1"
  packages = ["."]
  revision = "3ffff9b1aa8200275a5eb219c5f9c62bd27acb31"
  version = "v1.0.15"

[solve-meta]
  analyzer-name = "dep"
  analyzer-version = 1
  inputs-digest = "afe337727637dc072d56f338cd2efa02421d3331ea52a7c9d1e426a91dcd9f19"
  solver-name = "gps-cdcl"
  solver-version = 1
